
Microsoft Visual Studio Solution File, Format Version 12.00
# Visual Studio Version 17
VisualStudioVersion = 17.5.33530.505
MinimumVisualStudioVersion = 10.0.40219.1
Project("{FAE04EC0-301F-11D3-BF4B-00C04F79EFBC}") = "MovieDatabase.App", "MovieDatabase.App\MovieDatabase.App.csproj", "{D63272F2-1B18-4FD7-8044-BCB9B508BADE}"
EndProject
Global
	GlobalSection(SolutionConfigurationPlatforms) = preSolution
		Debug|Any CPU = Debug|Any CPU
		Release|Any CPU = Release|Any CPU
	EndGlobalSection
	GlobalSection(ProjectConfigurationPlatforms) = postSolution
		{D63272F2-1B18-4FD7-8044-BCB9B508BADE}.Debug|Any CPU.ActiveCfg = Debug|Any CPU
		{D63272F2-1B18-4FD7-8044-BCB9B508BADE}.Debug|Any CPU.Build.0 = Debug|Any CPU
		{D63272F2-1B18-4FD7-8044-BCB9B508BADE}.Release|Any CPU.ActiveCfg = Release|Any CPU
		{D63272F2-1B18-4FD7-8044-BCB9B508BADE}.Release|Any CPU.Build.0 = Release|Any CPU
	EndGlobalSection
	GlobalSection(SolutionProperties) = preSolution
		HideSolutionNode = FALSE
	EndGlobalSection
	GlobalSection(ExtensibilityGlobals) = postSolution
		SolutionGuid = {81A2B556-4A4E-4C3C-8E08-150D4F107F82}
	EndGlobalSection
EndGlobal
