
Microsoft Visual Studio Solution File, Format Version 12.00
# Visual Studio Version 17
VisualStudioVersion = 17.0.31903.59
MinimumVisualStudioVersion = 10.0.40219.1
Project("{FAE04EC0-301F-11D3-BF4B-00C04F79EFBC}") = "LinkedList.App", "LinkedList.App\LinkedList.App.csproj", "{09D99404-1D14-49D8-B042-DF2582D17F21}"
EndProject
Global
	GlobalSection(SolutionConfigurationPlatforms) = preSolution
		Debug|Any CPU = Debug|Any CPU
		Release|Any CPU = Release|Any CPU
	EndGlobalSection
	GlobalSection(SolutionProperties) = preSolution
		HideSolutionNode = FALSE
	EndGlobalSection
	GlobalSection(ProjectConfigurationPlatforms) = postSolution
		{09D99404-1D14-49D8-B042-DF2582D17F21}.Debug|Any CPU.ActiveCfg = Debug|Any CPU
		{09D99404-1D14-49D8-B042-DF2582D17F21}.Debug|Any CPU.Build.0 = Debug|Any CPU
		{09D99404-1D14-49D8-B042-DF2582D17F21}.Release|Any CPU.ActiveCfg = Release|Any CPU
		{09D99404-1D14-49D8-B042-DF2582D17F21}.Release|Any CPU.Build.0 = Release|Any CPU
	EndGlobalSection
EndGlobal
